
Microsoft Visual Studio Solution File, Format Version 11.00
# Visual Studio 2010
Project("{FAE04EC0-301F-11D3-BF4B-00C04F79EFBC}") = "FSClient", "FSClient.csproj", "{A2D2A785-3B79-4042-9C3D-97B1CD9A804E}"
EndProject
Project("{FAE04EC0-301F-11D3-BF4B-00C04F79EFBC}") = "PlantronicsHeadsetPlugin", "PlantronicsHeadset\PlantronicsHeadsetPlugin.csproj", "{5E156019-7D68-402D-9109-7F7F1E55EA8A}"
EndProject
Project("{FAE04EC0-301F-11D3-BF4B-00C04F79EFBC}") = "JabraHeadsetPlugin", "JabraHeadset\JabraHeadsetPlugin.csproj", "{084B8F8C-1E32-4545-B865-FA7274BD8054}"
EndProject
Project("{2150E333-8FDC-42A3-9474-1A3956D46DE8}") = "External Items", "External Items", "{E5A3FCB6-A888-4290-B076-864674F90508}"
	ProjectSection(SolutionItems) = preProject
		External Items\JabraTelephonyAPI.dll = External Items\JabraTelephonyAPI.dll
		External Items\Plantronics.Device.Common.dll = External Items\Plantronics.Device.Common.dll
	EndProjectSection
EndProject
Project("{2150E333-8FDC-42A3-9474-1A3956D46DE8}") = "conf", "conf", "{BDB28E84-D1D5-4102-BD29-C638197EFD42}"
	ProjectSection(SolutionItems) = preProject
		External Items\conf\freeswitch.xml = External Items\conf\freeswitch.xml
	EndProjectSection
EndProject
Project("{FAE04EC0-301F-11D3-BF4B-00C04F79EFBC}") = "SimpleXmlContactPlugin", "SimpleXmlContactPlugin\SimpleXmlContactPlugin.csproj", "{8DA31553-28E9-4A08-897E-7EE1E01356A3}"
EndProject
Project("{930C7802-8A8C-48F9-8165-68863BCCD9DD}") = "Setup", "Setup\Setup.wixproj", "{80D26E64-EECF-47F2-8132-804F087C27BA}"
EndProject
Global
	GlobalSection(SourceCodeControl) = preSolution
		SccNumberOfProjects = 6
		SccLocalPath0 = .
		SccProjectUniqueName1 = FSClient.csproj
		SccLocalPath1 = .
		SccProjectUniqueName2 = SimpleXmlContactPlugin\\SimpleXmlContactPlugin.csproj
		SccLocalPath2 = SimpleXmlContactPlugin
		SccProjectUniqueName3 = Setup\\Setup.wixproj
		SccLocalPath3 = .
		SccProjectFilePathRelativizedFromConnection3 = Setup\\
		SccProjectUniqueName4 = JabraHeadset\\JabraHeadsetPlugin.csproj
		SccLocalPath4 = JabraHeadset
		SccProjectUniqueName5 = PlantronicsHeadset\\PlantronicsHeadsetPlugin.csproj
		SccLocalPath5 = PlantronicsHeadset
	EndGlobalSection
	GlobalSection(SolutionConfigurationPlatforms) = preSolution
		Debug|Any CPU = Debug|Any CPU
		Debug|Mixed Platforms = Debug|Mixed Platforms
		Debug|x86 = Debug|x86
		Release|Any CPU = Release|Any CPU
		Release|Mixed Platforms = Release|Mixed Platforms
		Release|x86 = Release|x86
	EndGlobalSection
	GlobalSection(ProjectConfigurationPlatforms) = postSolution
		{A2D2A785-3B79-4042-9C3D-97B1CD9A804E}.Debug|Any CPU.ActiveCfg = Debug|x86
		{A2D2A785-3B79-4042-9C3D-97B1CD9A804E}.Debug|Mixed Platforms.ActiveCfg = Debug|x86
		{A2D2A785-3B79-4042-9C3D-97B1CD9A804E}.Debug|Mixed Platforms.Build.0 = Debug|x86
		{A2D2A785-3B79-4042-9C3D-97B1CD9A804E}.Debug|x86.ActiveCfg = Debug|x86
		{A2D2A785-3B79-4042-9C3D-97B1CD9A804E}.Debug|x86.Build.0 = Debug|x86
		{A2D2A785-3B79-4042-9C3D-97B1CD9A804E}.Release|Any CPU.ActiveCfg = Release|x86
		{A2D2A785-3B79-4042-9C3D-97B1CD9A804E}.Release|Mixed Platforms.ActiveCfg = Release|x86
		{A2D2A785-3B79-4042-9C3D-97B1CD9A804E}.Release|Mixed Platforms.Build.0 = Release|x86
		{A2D2A785-3B79-4042-9C3D-97B1CD9A804E}.Release|x86.ActiveCfg = Release|x86
		{A2D2A785-3B79-4042-9C3D-97B1CD9A804E}.Release|x86.Build.0 = Release|x86
		{5E156019-7D68-402D-9109-7F7F1E55EA8A}.Debug|Any CPU.ActiveCfg = Debug|Any CPU
		{5E156019-7D68-402D-9109-7F7F1E55EA8A}.Debug|Any CPU.Build.0 = Debug|Any CPU
		{5E156019-7D68-402D-9109-7F7F1E55EA8A}.Debug|Mixed Platforms.ActiveCfg = Debug|Any CPU
		{5E156019-7D68-402D-9109-7F7F1E55EA8A}.Debug|Mixed Platforms.Build.0 = Debug|Any CPU
		{5E156019-7D68-402D-9109-7F7F1E55EA8A}.Debug|x86.ActiveCfg = Debug|Any CPU
		{5E156019-7D68-402D-9109-7F7F1E55EA8A}.Release|Any CPU.ActiveCfg = Release|Any CPU
		{5E156019-7D68-402D-9109-7F7F1E55EA8A}.Release|Any CPU.Build.0 = Release|Any CPU
		{5E156019-7D68-402D-9109-7F7F1E55EA8A}.Release|Mixed Platforms.ActiveCfg = Release|Any CPU
		{5E156019-7D68-402D-9109-7F7F1E55EA8A}.Release|Mixed Platforms.Build.0 = Release|Any CPU
		{5E156019-7D68-402D-9109-7F7F1E55EA8A}.Release|x86.ActiveCfg = Release|Any CPU
		{084B8F8C-1E32-4545-B865-FA7274BD8054}.Debug|Any CPU.ActiveCfg = Debug|Any CPU
		{084B8F8C-1E32-4545-B865-FA7274BD8054}.Debug|Any CPU.Build.0 = Debug|Any CPU
		{084B8F8C-1E32-4545-B865-FA7274BD8054}.Debug|Mixed Platforms.ActiveCfg = Debug|Any CPU
		{084B8F8C-1E32-4545-B865-FA7274BD8054}.Debug|Mixed Platforms.Build.0 = Debug|Any CPU
		{084B8F8C-1E32-4545-B865-FA7274BD8054}.Debug|x86.ActiveCfg = Debug|Any CPU
		{084B8F8C-1E32-4545-B865-FA7274BD8054}.Release|Any CPU.ActiveCfg = Release|Any CPU
		{084B8F8C-1E32-4545-B865-FA7274BD8054}.Release|Any CPU.Build.0 = Release|Any CPU
		{084B8F8C-1E32-4545-B865-FA7274BD8054}.Release|Mixed Platforms.ActiveCfg = Release|Any CPU
		{084B8F8C-1E32-4545-B865-FA7274BD8054}.Release|Mixed Platforms.Build.0 = Release|Any CPU
		{084B8F8C-1E32-4545-B865-FA7274BD8054}.Release|x86.ActiveCfg = Release|Any CPU
		{8DA31553-28E9-4A08-897E-7EE1E01356A3}.Debug|Any CPU.ActiveCfg = Debug|Any CPU
		{8DA31553-28E9-4A08-897E-7EE1E01356A3}.Debug|Any CPU.Build.0 = Debug|Any CPU
		{8DA31553-28E9-4A08-897E-7EE1E01356A3}.Debug|Mixed Platforms.ActiveCfg = Debug|Any CPU
		{8DA31553-28E9-4A08-897E-7EE1E01356A3}.Debug|Mixed Platforms.Build.0 = Debug|Any CPU
		{8DA31553-28E9-4A08-897E-7EE1E01356A3}.Debug|x86.ActiveCfg = Debug|Any CPU
		{8DA31553-28E9-4A08-897E-7EE1E01356A3}.Release|Any CPU.ActiveCfg = Release|Any CPU
		{8DA31553-28E9-4A08-897E-7EE1E01356A3}.Release|Any CPU.Build.0 = Release|Any CPU
		{8DA31553-28E9-4A08-897E-7EE1E01356A3}.Release|Mixed Platforms.ActiveCfg = Release|Any CPU
		{8DA31553-28E9-4A08-897E-7EE1E01356A3}.Release|Mixed Platforms.Build.0 = Release|Any CPU
		{8DA31553-28E9-4A08-897E-7EE1E01356A3}.Release|x86.ActiveCfg = Release|Any CPU
		{80D26E64-EECF-47F2-8132-804F087C27BA}.Debug|Any CPU.ActiveCfg = Debug|x86
		{80D26E64-EECF-47F2-8132-804F087C27BA}.Debug|Mixed Platforms.ActiveCfg = Debug|x86
		{80D26E64-EECF-47F2-8132-804F087C27BA}.Debug|x86.ActiveCfg = Debug|x86
		{80D26E64-EECF-47F2-8132-804F087C27BA}.Debug|x86.Build.0 = Debug|x86
		{80D26E64-EECF-47F2-8132-804F087C27BA}.Release|Any CPU.ActiveCfg = Release|x86
		{80D26E64-EECF-47F2-8132-804F087C27BA}.Release|Mixed Platforms.ActiveCfg = Release|x86
		{80D26E64-EECF-47F2-8132-804F087C27BA}.Release|x86.ActiveCfg = Release|x86
		{80D26E64-EECF-47F2-8132-804F087C27BA}.Release|x86.Build.0 = Release|x86
	EndGlobalSection
	GlobalSection(SolutionProperties) = preSolution
		HideSolutionNode = FALSE
	EndGlobalSection
	GlobalSection(NestedProjects) = preSolution
		{BDB28E84-D1D5-4102-BD29-C638197EFD42} = {E5A3FCB6-A888-4290-B076-864674F90508}
	EndGlobalSection
EndGlobal
